
Microsoft Visual Studio Solution File, Format Version 12.00
# Visual Studio 2012
Project("{FAE04EC0-301F-11D3-BF4B-00C04F79EFBC}") = "PSite", "PSite.csproj", "{3FD28F1A-9EA6-43A5-9E86-9898B18596B1}"
EndProject
Global
	GlobalSection(SolutionConfigurationPlatforms) = preSolution
		Debug|Any CPU = Debug|Any CPU
		Release|Any CPU = Release|Any CPU
	EndGlobalSection
	GlobalSection(ProjectConfigurationPlatforms) = postSolution
		{3FD28F1A-9EA6-43A5-9E86-9898B18596B1}.Debug|Any CPU.ActiveCfg = Debug|Any CPU
		{3FD28F1A-9EA6-43A5-9E86-9898B18596B1}.Debug|Any CPU.Build.0 = Debug|Any CPU
		{3FD28F1A-9EA6-43A5-9E86-9898B18596B1}.Release|Any CPU.ActiveCfg = Release|Any CPU
		{3FD28F1A-9EA6-43A5-9E86-9898B18596B1}.Release|Any CPU.Build.0 = Release|Any CPU
	EndGlobalSection
EndGlobal
